
Microsoft Visual Studio Solution File, Format Version 12.00
# Visual Studio 2012
Project("{FAE04EC0-301F-11D3-BF4B-00C04F79EFBC}") = "RTC Communication Utility", "RTC Communication Utility\RTC Communication Utility.csproj", "{8C79DAED-AD44-412F-8F62-63B4003DDE8A}"
EndProject
Project("{FAE04EC0-301F-11D3-BF4B-00C04F79EFBC}") = "CoreClasses", "CORECLASSES\CoreClasses.csproj", "{6D6CD711-C883-4000-9406-58B8523C4475}"
EndProject
Global
	GlobalSection(SolutionConfigurationPlatforms) = preSolution
		Debug|Any CPU = Debug|Any CPU
		Debug|Mixed Platforms = Debug|Mixed Platforms
		Debug|x86 = Debug|x86
		Release|Any CPU = Release|Any CPU
		Release|Mixed Platforms = Release|Mixed Platforms
		Release|x86 = Release|x86
	EndGlobalSection
	GlobalSection(ProjectConfigurationPlatforms) = postSolution
		{8C79DAED-AD44-412F-8F62-63B4003DDE8A}.Debug|Any CPU.ActiveCfg = Debug|Any CPU
		{8C79DAED-AD44-412F-8F62-63B4003DDE8A}.Debug|Any CPU.Build.0 = Debug|Any CPU
		{8C79DAED-AD44-412F-8F62-63B4003DDE8A}.Debug|Any CPU.Deploy.0 = Debug|Any CPU
		{8C79DAED-AD44-412F-8F62-63B4003DDE8A}.Debug|Mixed Platforms.ActiveCfg = Debug|x86
		{8C79DAED-AD44-412F-8F62-63B4003DDE8A}.Debug|Mixed Platforms.Build.0 = Debug|x86
		{8C79DAED-AD44-412F-8F62-63B4003DDE8A}.Debug|x86.ActiveCfg = Debug|x86
		{8C79DAED-AD44-412F-8F62-63B4003DDE8A}.Debug|x86.Build.0 = Debug|x86
		{8C79DAED-AD44-412F-8F62-63B4003DDE8A}.Release|Any CPU.ActiveCfg = Release|Any CPU
		{8C79DAED-AD44-412F-8F62-63B4003DDE8A}.Release|Any CPU.Build.0 = Release|Any CPU
		{8C79DAED-AD44-412F-8F62-63B4003DDE8A}.Release|Mixed Platforms.ActiveCfg = Release|x86
		{8C79DAED-AD44-412F-8F62-63B4003DDE8A}.Release|Mixed Platforms.Build.0 = Release|x86
		{8C79DAED-AD44-412F-8F62-63B4003DDE8A}.Release|x86.ActiveCfg = Release|x86
		{8C79DAED-AD44-412F-8F62-63B4003DDE8A}.Release|x86.Build.0 = Release|x86
		{6D6CD711-C883-4000-9406-58B8523C4475}.Debug|Any CPU.ActiveCfg = Debug|Any CPU
		{6D6CD711-C883-4000-9406-58B8523C4475}.Debug|Any CPU.Build.0 = Debug|Any CPU
		{6D6CD711-C883-4000-9406-58B8523C4475}.Debug|Mixed Platforms.ActiveCfg = Debug|x86
		{6D6CD711-C883-4000-9406-58B8523C4475}.Debug|Mixed Platforms.Build.0 = Debug|x86
		{6D6CD711-C883-4000-9406-58B8523C4475}.Debug|x86.ActiveCfg = Debug|x86
		{6D6CD711-C883-4000-9406-58B8523C4475}.Debug|x86.Build.0 = Debug|x86
		{6D6CD711-C883-4000-9406-58B8523C4475}.Release|Any CPU.ActiveCfg = Release|Any CPU
		{6D6CD711-C883-4000-9406-58B8523C4475}.Release|Any CPU.Build.0 = Release|Any CPU
		{6D6CD711-C883-4000-9406-58B8523C4475}.Release|Mixed Platforms.ActiveCfg = Release|x86
		{6D6CD711-C883-4000-9406-58B8523C4475}.Release|Mixed Platforms.Build.0 = Release|x86
		{6D6CD711-C883-4000-9406-58B8523C4475}.Release|x86.ActiveCfg = Release|x86
		{6D6CD711-C883-4000-9406-58B8523C4475}.Release|x86.Build.0 = Release|x86
	EndGlobalSection
	GlobalSection(SolutionProperties) = preSolution
		HideSolutionNode = FALSE
	EndGlobalSection
	GlobalSection(ExtensibilityGlobals) = postSolution
		SolutionGuid = {F7A95BA0-0C2B-406A-AE2F-213E715D53CB}
	EndGlobalSection
EndGlobal
